
Microsoft Visual Studio Solution File, Format Version 12.00
# Visual Studio 14
VisualStudioVersion = 14.0.25420.1
MinimumVisualStudioVersion = 10.0.40219.1
Project("{F2A71F9B-5D33-465A-A702-920D77279786}") = "ComposeIt.Akka.FSharp.Extensions", "ComposeIt.Akka.FSharp.Extensions\ComposeIt.Akka.FSharp.Extensions.fsproj", "{3E441BDE-5DD4-46C6-BAE3-77CFAD1B747A}"
EndProject
Project("{F2A71F9B-5D33-465A-A702-920D77279786}") = "ComposeIt.Akka.FSharp.Extensions.Tests", "ComposeIt.Akka.FSharp.Extensions.Tests\ComposeIt.Akka.FSharp.Extensions.Tests.fsproj", "{9ACC2E68-98DD-4940-AF8B-D0E290EFA0CA}"
EndProject
Project("{2150E333-8FDC-42A3-9474-1A3956D46DE8}") = "build", "build", "{E432BE18-36CF-48D2-BBB6-0CF0B2AB1A27}"
	ProjectSection(SolutionItems) = preProject
		Akka.FSharp.Extensions.nuspec = Akka.FSharp.Extensions.nuspec
		build.bat = build.bat
		build.fsx = build.fsx
		Install.ps1 = Install.ps1
	EndProjectSection
EndProject
Project("{2150E333-8FDC-42A3-9474-1A3956D46DE8}") = "samples", "samples", "{98606AC9-8C1F-4FBF-ACF5-24420F9308CE}"
	ProjectSection(SolutionItems) = preProject
		examples\Statefull.fsx = examples\Statefull.fsx
	EndProjectSection
EndProject
Global
	GlobalSection(SolutionConfigurationPlatforms) = preSolution
		Debug|Any CPU = Debug|Any CPU
		Release|Any CPU = Release|Any CPU
	EndGlobalSection
	GlobalSection(ProjectConfigurationPlatforms) = postSolution
		{3E441BDE-5DD4-46C6-BAE3-77CFAD1B747A}.Debug|Any CPU.ActiveCfg = Debug|Any CPU
		{3E441BDE-5DD4-46C6-BAE3-77CFAD1B747A}.Debug|Any CPU.Build.0 = Debug|Any CPU
		{3E441BDE-5DD4-46C6-BAE3-77CFAD1B747A}.Release|Any CPU.ActiveCfg = Release|Any CPU
		{3E441BDE-5DD4-46C6-BAE3-77CFAD1B747A}.Release|Any CPU.Build.0 = Release|Any CPU
		{9ACC2E68-98DD-4940-AF8B-D0E290EFA0CA}.Debug|Any CPU.ActiveCfg = Debug|Any CPU
		{9ACC2E68-98DD-4940-AF8B-D0E290EFA0CA}.Debug|Any CPU.Build.0 = Debug|Any CPU
		{9ACC2E68-98DD-4940-AF8B-D0E290EFA0CA}.Release|Any CPU.ActiveCfg = Release|Any CPU
		{9ACC2E68-98DD-4940-AF8B-D0E290EFA0CA}.Release|Any CPU.Build.0 = Release|Any CPU
	EndGlobalSection
	GlobalSection(SolutionProperties) = preSolution
		HideSolutionNode = FALSE
	EndGlobalSection
EndGlobal
